// !$*UTF8*$!
{
	archiveVersion = 1;
	classes = {
	};
	objectVersion = 77;
	objects = {

/* Begin PBXBuildFile section */
		17EB8B3F2D91050D00E7B4FB /* MIDIKit in Frameworks */ = {isa = PBXBuildFile; productRef = 17EB8B3E2D91050D00E7B4FB /* MIDIKit */; };
		17EB8B412D91050D00E7B4FB /* MIDIKitControlSurfaces in Frameworks */ = {isa = PBXBuildFile; productRef = 17EB8B402D91050D00E7B4FB /* MIDIKitControlSurfaces */; };
		17EB8B432D91050D00E7B4FB /* MIDIKitCore in Frameworks */ = {isa = PBXBuildFile; productRef = 17EB8B422D91050D00E7B4FB /* MIDIKitCore */; };
		17EB8B452D91050D00E7B4FB /* MIDIKitIO in Frameworks */ = {isa = PBXBuildFile; productRef = 17EB8B442D91050D00E7B4FB /* MIDIKitIO */; };
		17EB8B472D91050D00E7B4FB /* MIDIKitSMF in Frameworks */ = {isa = PBXBuildFile; productRef = 17EB8B462D91050D00E7B4FB /* MIDIKitSMF */; };
		17EB8B492D91050D00E7B4FB /* MIDIKitSync in Frameworks */ = {isa = PBXBuildFile; productRef = 17EB8B482D91050D00E7B4FB /* MIDIKitSync */; };
		17EB8B4B2D91050D00E7B4FB /* MIDIKitUI in Frameworks */ = {isa = PBXBuildFile; productRef = 17EB8B4A2D91050D00E7B4FB /* MIDIKitUI */; };
		17EB8B4E2D91052800E7B4FB /* OSCKit in Frameworks */ = {isa = PBXBuildFile; productRef = 17EB8B4D2D91052800E7B4FB /* OSCKit */; };
		17EB8B502D91052800E7B4FB /* OSCKitCore in Frameworks */ = {isa = PBXBuildFile; productRef = 17EB8B4F2D91052800E7B4FB /* OSCKitCore */; };
		17EB8B532D91058000E7B4FB /* AudioKit in Frameworks */ = {isa = PBXBuildFile; productRef = 17EB8B522D91058000E7B4FB /* AudioKit */; };
		17EB8B562D9105C100E7B4FB /* AudioKitUI in Frameworks */ = {isa = PBXBuildFile; productRef = 17EB8B552D9105C100E7B4FB /* AudioKitUI */; };
		17EB8B592D9105D200E7B4FB /* Controls in Frameworks */ = {isa = PBXBuildFile; productRef = 17EB8B582D9105D200E7B4FB /* Controls */; };
		17EB8B5C2D91063100E7B4FB /* AudioKitEX in Frameworks */ = {isa = PBXBuildFile; productRef = 17EB8B5B2D91063100E7B4FB /* AudioKitEX */; };
		17EB8B642D91088000E7B4FB /* Link in Frameworks */ = {isa = PBXBuildFile; productRef = 17EB8B632D91088000E7B4FB /* Link */; };
/* End PBXBuildFile section */

/* Begin PBXContainerItemProxy section */
		17E07AC22D910330007CF845 /* PBXContainerItemProxy */ = {
			isa = PBXContainerItemProxy;
			containerPortal = 17E07AA82D91032F007CF845 /* Project object */;
			proxyType = 1;
			remoteGlobalIDString = 17E07AAF2D91032F007CF845;
			remoteInfo = Controllier;
		};
		17E07ACC2D910330007CF845 /* PBXContainerItemProxy */ = {
			isa = PBXContainerItemProxy;
			containerPortal = 17E07AA82D91032F007CF845 /* Project object */;
			proxyType = 1;
			remoteGlobalIDString = 17E07AAF2D91032F007CF845;
			remoteInfo = Controllier;
		};
/* End PBXContainerItemProxy section */

/* Begin PBXFileReference section */
		17E07AB02D91032F007CF845 /* Controllier.app */ = {isa = PBXFileReference; explicitFileType = wrapper.application; includeInIndex = 0; path = Controllier.app; sourceTree = BUILT_PRODUCTS_DIR; };
		17E07AC12D910330007CF845 /* ControllierTests.xctest */ = {isa = PBXFileReference; explicitFileType = wrapper.cfbundle; includeInIndex = 0; path = ControllierTests.xctest; sourceTree = BUILT_PRODUCTS_DIR; };
		17E07ACB2D910330007CF845 /* ControllierUITests.xctest */ = {isa = PBXFileReference; explicitFileType = wrapper.cfbundle; includeInIndex = 0; path = ControllierUITests.xctest; sourceTree = BUILT_PRODUCTS_DIR; };
		17EB8B5E2D9106E700E7B4FB /* LinkKit.xcframework */ = {isa = PBXFileReference; lastKnownFileType = wrapper.xcframework; name = LinkKit.xcframework; path = ../../../Downloads/LinkKit/LinkKit.xcframework; sourceTree = "<group>"; };
/* End PBXFileReference section */

/* Begin PBXFileSystemSynchronizedBuildFileExceptionSet section */
		17BCD2392D94F5D1005FE097 /* Exceptions for "Controllier" folder in "Controllier" target */ = {
			isa = PBXFileSystemSynchronizedBuildFileExceptionSet;
			membershipExceptions = (
				Core/Utilities/BinaryFloatingPointUtils.swift,
				Libs/Crvs/Examples/CompilerOptimizationExamples.swift,
				Libs/Crvs/Examples/CrvsExamples.swift,
				Libs/Crvs/Examples/CrvsOptimizationExamples.swift,
				Libs/Crvs/Examples/CrvsPlayground.swift,
				Libs/Crvs/Examples/DebuggingGuide.swift,
				Libs/Crvs/Examples/HowResultBuildersWork.swift,
				Libs/Crvs/Examples/IntegrationGuide.swift,
				Libs/Crvs/Examples/PlatformOptimizationExamples.swift,
				Libs/Crvs/Examples/WaveformDSLExamples.swift,
				Libs/Crvs/Examples/WaveformDSLTechniques.swift,
				Libs/Crvs/Extensions/Waveforms.metal,
			);
			target = 17E07AAF2D91032F007CF845 /* Controllier */;
		};
/* End PBXFileSystemSynchronizedBuildFileExceptionSet section */

/* Begin PBXFileSystemSynchronizedGroupBuildPhaseMembershipExceptionSet section */
		17BCD2412D94FB02005FE097 /* Exceptions for "Controllier" folder in "Copy Bundle Resources" phase from "Controllier" target */ = {
			isa = PBXFileSystemSynchronizedGroupBuildPhaseMembershipExceptionSet;
			buildPhase = 17E07AAE2D91032F007CF845 /* Resources */;
			membershipExceptions = (
				Core/Utilities/BinaryFloatingPointUtils.swift,
				Libs/Crvs/Extensions/Waveforms.metal,
			);
		};
/* End PBXFileSystemSynchronizedGroupBuildPhaseMembershipExceptionSet section */

/* Begin PBXFileSystemSynchronizedRootGroup section */
		17E07AB22D91032F007CF845 /* Controllier */ = {
			isa = PBXFileSystemSynchronizedRootGroup;
			exceptions = (
				17BCD2392D94F5D1005FE097 /* Exceptions for "Controllier" folder in "Controllier" target */,
				17BCD2412D94FB02005FE097 /* Exceptions for "Controllier" folder in "Copy Bundle Resources" phase from "Controllier" target */,
			);
			path = Controllier;
			sourceTree = "<group>";
		};
		17E07AC42D910330007CF845 /* ControllierTests */ = {
			isa = PBXFileSystemSynchronizedRootGroup;
			path = ControllierTests;
			sourceTree = "<group>";
		};
		17E07ACE2D910330007CF845 /* ControllierUITests */ = {
			isa = PBXFileSystemSynchronizedRootGroup;
			path = ControllierUITests;
			sourceTree = "<group>";
		};
/* End PBXFileSystemSynchronizedRootGroup section */

/* Begin PBXFrameworksBuildPhase section */
		17E07AAD2D91032F007CF845 /* Frameworks */ = {
			isa = PBXFrameworksBuildPhase;
			buildActionMask = 2147483647;
			files = (
				17EB8B472D91050D00E7B4FB /* MIDIKitSMF in Frameworks */,
				17EB8B452D91050D00E7B4FB /* MIDIKitIO in Frameworks */,
				17EB8B562D9105C100E7B4FB /* AudioKitUI in Frameworks */,
				17EB8B532D91058000E7B4FB /* AudioKit in Frameworks */,
				17EB8B642D91088000E7B4FB /* Link in Frameworks */,
				17EB8B592D9105D200E7B4FB /* Controls in Frameworks */,
				17EB8B4B2D91050D00E7B4FB /* MIDIKitUI in Frameworks */,
				17EB8B5C2D91063100E7B4FB /* AudioKitEX in Frameworks */,
				17EB8B4E2D91052800E7B4FB /* OSCKit in Frameworks */,
				17EB8B432D91050D00E7B4FB /* MIDIKitCore in Frameworks */,
				17EB8B502D91052800E7B4FB /* OSCKitCore in Frameworks */,
				17EB8B492D91050D00E7B4FB /* MIDIKitSync in Frameworks */,
				17EB8B412D91050D00E7B4FB /* MIDIKitControlSurfaces in Frameworks */,
				17EB8B3F2D91050D00E7B4FB /* MIDIKit in Frameworks */,
			);
			runOnlyForDeploymentPostprocessing = 0;
		};
		17E07ABE2D910330007CF845 /* Frameworks */ = {
			isa = PBXFrameworksBuildPhase;
			buildActionMask = 2147483647;
			files = (
			);
			runOnlyForDeploymentPostprocessing = 0;
		};
		17E07AC82D910330007CF845 /* Frameworks */ = {
			isa = PBXFrameworksBuildPhase;
			buildActionMask = 2147483647;
			files = (
			);
			runOnlyForDeploymentPostprocessing = 0;
		};
/* End PBXFrameworksBuildPhase section */

/* Begin PBXGroup section */
		17E07AA72D91032F007CF845 = {
			isa = PBXGroup;
			children = (
				17E07AB22D91032F007CF845 /* Controllier */,
				17E07AC42D910330007CF845 /* ControllierTests */,
				17E07ACE2D910330007CF845 /* ControllierUITests */,
				17EB8B5D2D9106E700E7B4FB /* Frameworks */,
				17E07AB12D91032F007CF845 /* Products */,
			);
			sourceTree = "<group>";
		};
		17E07AB12D91032F007CF845 /* Products */ = {
			isa = PBXGroup;
			children = (
				17E07AB02D91032F007CF845 /* Controllier.app */,
				17E07AC12D910330007CF845 /* ControllierTests.xctest */,
				17E07ACB2D910330007CF845 /* ControllierUITests.xctest */,
			);
			name = Products;
			sourceTree = "<group>";
		};
		17EB8B5D2D9106E700E7B4FB /* Frameworks */ = {
			isa = PBXGroup;
			children = (
				17EB8B5E2D9106E700E7B4FB /* LinkKit.xcframework */,
			);
			name = Frameworks;
			sourceTree = "<group>";
		};
/* End PBXGroup section */

/* Begin PBXNativeTarget section */
		17E07AAF2D91032F007CF845 /* Controllier */ = {
			isa = PBXNativeTarget;
			buildConfigurationList = 17E07AD52D910330007CF845 /* Build configuration list for PBXNativeTarget "Controllier" */;
			buildPhases = (
				17E07AAC2D91032F007CF845 /* Sources */,
				17E07AAD2D91032F007CF845 /* Frameworks */,
				17E07AAE2D91032F007CF845 /* Resources */,
			);
			buildRules = (
			);
			dependencies = (
			);
			fileSystemSynchronizedGroups = (
				17E07AB22D91032F007CF845 /* Controllier */,
			);
			name = Controllier;
			packageProductDependencies = (
				17EB8B3E2D91050D00E7B4FB /* MIDIKit */,
				17EB8B402D91050D00E7B4FB /* MIDIKitControlSurfaces */,
				17EB8B422D91050D00E7B4FB /* MIDIKitCore */,
				17EB8B442D91050D00E7B4FB /* MIDIKitIO */,
				17EB8B462D91050D00E7B4FB /* MIDIKitSMF */,
				17EB8B482D91050D00E7B4FB /* MIDIKitSync */,
				17EB8B4A2D91050D00E7B4FB /* MIDIKitUI */,
				17EB8B4D2D91052800E7B4FB /* OSCKit */,
				17EB8B4F2D91052800E7B4FB /* OSCKitCore */,
				17EB8B522D91058000E7B4FB /* AudioKit */,
				17EB8B552D9105C100E7B4FB /* AudioKitUI */,
				17EB8B582D9105D200E7B4FB /* Controls */,
				17EB8B5B2D91063100E7B4FB /* AudioKitEX */,
				17EB8B632D91088000E7B4FB /* Link */,
			);
			productName = Controllier;
			productReference = 17E07AB02D91032F007CF845 /* Controllier.app */;
			productType = "com.apple.product-type.application";
		};
		17E07AC02D910330007CF845 /* ControllierTests */ = {
			isa = PBXNativeTarget;
			buildConfigurationList = 17E07AD82D910330007CF845 /* Build configuration list for PBXNativeTarget "ControllierTests" */;
			buildPhases = (
				17E07ABD2D910330007CF845 /* Sources */,
				17E07ABE2D910330007CF845 /* Frameworks */,
				17E07ABF2D910330007CF845 /* Resources */,
			);
			buildRules = (
			);
			dependencies = (
				17E07AC32D910330007CF845 /* PBXTargetDependency */,
			);
			fileSystemSynchronizedGroups = (
				17E07AC42D910330007CF845 /* ControllierTests */,
			);
			name = ControllierTests;
			packageProductDependencies = (
			);
			productName = ControllierTests;
			productReference = 17E07AC12D910330007CF845 /* ControllierTests.xctest */;
			productType = "com.apple.product-type.bundle.unit-test";
		};
		17E07ACA2D910330007CF845 /* ControllierUITests */ = {
			isa = PBXNativeTarget;
			buildConfigurationList = 17E07ADB2D910330007CF845 /* Build configuration list for PBXNativeTarget "ControllierUITests" */;
			buildPhases = (
				17E07AC72D910330007CF845 /* Sources */,
				17E07AC82D910330007CF845 /* Frameworks */,
				17E07AC92D910330007CF845 /* Resources */,
			);
			buildRules = (
			);
			dependencies = (
				17E07ACD2D910330007CF845 /* PBXTargetDependency */,
			);
			fileSystemSynchronizedGroups = (
				17E07ACE2D910330007CF845 /* ControllierUITests */,
			);
			name = ControllierUITests;
			packageProductDependencies = (
			);
			productName = ControllierUITests;
			productReference = 17E07ACB2D910330007CF845 /* ControllierUITests.xctest */;
			productType = "com.apple.product-type.bundle.ui-testing";
		};
/* End PBXNativeTarget section */

/* Begin PBXProject section */
		17E07AA82D91032F007CF845 /* Project object */ = {
			isa = PBXProject;
			attributes = {
				BuildIndependentTargetsInParallel = 1;
				LastSwiftUpdateCheck = 1620;
				LastUpgradeCheck = 1620;
				TargetAttributes = {
					17E07AAF2D91032F007CF845 = {
						CreatedOnToolsVersion = 16.2;
					};
					17E07AC02D910330007CF845 = {
						CreatedOnToolsVersion = 16.2;
						TestTargetID = 17E07AAF2D91032F007CF845;
					};
					17E07ACA2D910330007CF845 = {
						CreatedOnToolsVersion = 16.2;
						TestTargetID = 17E07AAF2D91032F007CF845;
					};
				};
			};
			buildConfigurationList = 17E07AAB2D91032F007CF845 /* Build configuration list for PBXProject "Controllier" */;
			developmentRegion = en;
			hasScannedForEncodings = 0;
			knownRegions = (
				en,
				Base,
			);
			mainGroup = 17E07AA72D91032F007CF845;
			minimizedProjectReferenceProxies = 1;
			packageReferences = (
				17EB8B3D2D91050D00E7B4FB /* XCRemoteSwiftPackageReference "MIDIKit" */,
				17EB8B4C2D91052800E7B4FB /* XCRemoteSwiftPackageReference "OSCKit" */,
				17EB8B512D91058000E7B4FB /* XCRemoteSwiftPackageReference "AudioKit" */,
				17EB8B542D9105C100E7B4FB /* XCRemoteSwiftPackageReference "AudioKitUI" */,
				17EB8B572D9105D200E7B4FB /* XCRemoteSwiftPackageReference "Controls" */,
				17EB8B5A2D91063100E7B4FB /* XCRemoteSwiftPackageReference "AudioKitEX" */,
				17EB8B622D91088000E7B4FB /* XCRemoteSwiftPackageReference "swift-link" */,
			);
			preferredProjectObjectVersion = 77;
			productRefGroup = 17E07AB12D91032F007CF845 /* Products */;
			projectDirPath = "";
			projectRoot = "";
			targets = (
				17E07AAF2D91032F007CF845 /* Controllier */,
				17E07AC02D910330007CF845 /* ControllierTests */,
				17E07ACA2D910330007CF845 /* ControllierUITests */,
			);
		};
/* End PBXProject section */

/* Begin PBXResourcesBuildPhase section */
		17E07AAE2D91032F007CF845 /* Resources */ = {
			isa = PBXResourcesBuildPhase;
			buildActionMask = 2147483647;
			files = (
			);
			runOnlyForDeploymentPostprocessing = 0;
		};
		17E07ABF2D910330007CF845 /* Resources */ = {
			isa = PBXResourcesBuildPhase;
			buildActionMask = 2147483647;
			files = (
			);
			runOnlyForDeploymentPostprocessing = 0;
		};
		17E07AC92D910330007CF845 /* Resources */ = {
			isa = PBXResourcesBuildPhase;
			buildActionMask = 2147483647;
			files = (
			);
			runOnlyForDeploymentPostprocessing = 0;
		};
/* End PBXResourcesBuildPhase section */

/* Begin PBXSourcesBuildPhase section */
		17E07AAC2D91032F007CF845 /* Sources */ = {
			isa = PBXSourcesBuildPhase;
			buildActionMask = 2147483647;
			files = (
			);
			runOnlyForDeploymentPostprocessing = 0;
		};
		17E07ABD2D910330007CF845 /* Sources */ = {
			isa = PBXSourcesBuildPhase;
			buildActionMask = 2147483647;
			files = (
			);
			runOnlyForDeploymentPostprocessing = 0;
		};
		17E07AC72D910330007CF845 /* Sources */ = {
			isa = PBXSourcesBuildPhase;
			buildActionMask = 2147483647;
			files = (
			);
			runOnlyForDeploymentPostprocessing = 0;
		};
/* End PBXSourcesBuildPhase section */

/* Begin PBXTargetDependency section */
		17E07AC32D910330007CF845 /* PBXTargetDependency */ = {
			isa = PBXTargetDependency;
			target = 17E07AAF2D91032F007CF845 /* Controllier */;
			targetProxy = 17E07AC22D910330007CF845 /* PBXContainerItemProxy */;
		};
		17E07ACD2D910330007CF845 /* PBXTargetDependency */ = {
			isa = PBXTargetDependency;
			target = 17E07AAF2D91032F007CF845 /* Controllier */;
			targetProxy = 17E07ACC2D910330007CF845 /* PBXContainerItemProxy */;
		};
/* End PBXTargetDependency section */

/* Begin XCBuildConfiguration section */
		17E07AD32D910330007CF845 /* Debug */ = {
			isa = XCBuildConfiguration;
			buildSettings = {
				ALWAYS_SEARCH_USER_PATHS = NO;
				ASSETCATALOG_COMPILER_GENERATE_SWIFT_ASSET_SYMBOL_EXTENSIONS = YES;
				CLANG_ANALYZER_NONNULL = YES;
				CLANG_ANALYZER_NUMBER_OBJECT_CONVERSION = YES_AGGRESSIVE;
				CLANG_CXX_LANGUAGE_STANDARD = "gnu++20";
				CLANG_ENABLE_MODULES = YES;
				CLANG_ENABLE_OBJC_ARC = YES;
				CLANG_ENABLE_OBJC_WEAK = YES;
				CLANG_WARN_BLOCK_CAPTURE_AUTORELEASING = YES;
				CLANG_WARN_BOOL_CONVERSION = YES;
				CLANG_WARN_COMMA = YES;
				CLANG_WARN_CONSTANT_CONVERSION = YES;
				CLANG_WARN_DEPRECATED_OBJC_IMPLEMENTATIONS = YES;
				CLANG_WARN_DIRECT_OBJC_ISA_USAGE = YES_ERROR;
				CLANG_WARN_DOCUMENTATION_COMMENTS = YES;
				CLANG_WARN_EMPTY_BODY = YES;
				CLANG_WARN_ENUM_CONVERSION = YES;
				CLANG_WARN_INFINITE_RECURSION = YES;
				CLANG_WARN_INT_CONVERSION = YES;
				CLANG_WARN_NON_LITERAL_NULL_CONVERSION = YES;
				CLANG_WARN_OBJC_IMPLICIT_RETAIN_SELF = YES;
				CLANG_WARN_OBJC_LITERAL_CONVERSION = YES;
				CLANG_WARN_OBJC_ROOT_CLASS = YES_ERROR;
				CLANG_WARN_QUOTED_INCLUDE_IN_FRAMEWORK_HEADER = YES;
				CLANG_WARN_RANGE_LOOP_ANALYSIS = YES;
				CLANG_WARN_STRICT_PROTOTYPES = YES;
				CLANG_WARN_SUSPICIOUS_MOVE = YES;
				CLANG_WARN_UNGUARDED_AVAILABILITY = YES_AGGRESSIVE;
				CLANG_WARN_UNREACHABLE_CODE = YES;
				CLANG_WARN__DUPLICATE_METHOD_MATCH = YES;
				COPY_PHASE_STRIP = NO;
				DEBUG_INFORMATION_FORMAT = dwarf;
				ENABLE_STRICT_OBJC_MSGSEND = YES;
				ENABLE_TESTABILITY = YES;
				ENABLE_USER_SCRIPT_SANDBOXING = YES;
				GCC_C_LANGUAGE_STANDARD = gnu17;
				GCC_DYNAMIC_NO_PIC = NO;
				GCC_NO_COMMON_BLOCKS = YES;
				GCC_OPTIMIZATION_LEVEL = 0;
				GCC_PREPROCESSOR_DEFINITIONS = (
					"DEBUG=1",
					"$(inherited)",
				);
				GCC_WARN_64_TO_32_BIT_CONVERSION = YES;
				GCC_WARN_ABOUT_RETURN_TYPE = YES_ERROR;
				GCC_WARN_UNDECLARED_SELECTOR = YES;
				GCC_WARN_UNINITIALIZED_AUTOS = YES_AGGRESSIVE;
				GCC_WARN_UNUSED_FUNCTION = YES;
				GCC_WARN_UNUSED_VARIABLE = YES;
				LOCALIZATION_PREFERS_STRING_CATALOGS = YES;
				MACOSX_DEPLOYMENT_TARGET = 14.7;
				MTL_ENABLE_DEBUG_INFO = INCLUDE_SOURCE;
				MTL_FAST_MATH = YES;
				ONLY_ACTIVE_ARCH = YES;
				SDKROOT = macosx;
				SWIFT_ACTIVE_COMPILATION_CONDITIONS = "DEBUG $(inherited)";
				SWIFT_OPTIMIZATION_LEVEL = "-Onone";
			};
			name = Debug;
		};
		17E07AD42D910330007CF845 /* Release */ = {
			isa = XCBuildConfiguration;
			buildSettings = {
				ALWAYS_SEARCH_USER_PATHS = NO;
				ASSETCATALOG_COMPILER_GENERATE_SWIFT_ASSET_SYMBOL_EXTENSIONS = YES;
				CLANG_ANALYZER_NONNULL = YES;
				CLANG_ANALYZER_NUMBER_OBJECT_CONVERSION = YES_AGGRESSIVE;
				CLANG_CXX_LANGUAGE_STANDARD = "gnu++20";
				CLANG_ENABLE_MODULES = YES;
				CLANG_ENABLE_OBJC_ARC = YES;
				CLANG_ENABLE_OBJC_WEAK = YES;
				CLANG_WARN_BLOCK_CAPTURE_AUTORELEASING = YES;
				CLANG_WARN_BOOL_CONVERSION = YES;
				CLANG_WARN_COMMA = YES;
				CLANG_WARN_CONSTANT_CONVERSION = YES;
				CLANG_WARN_DEPRECATED_OBJC_IMPLEMENTATIONS = YES;
				CLANG_WARN_DIRECT_OBJC_ISA_USAGE = YES_ERROR;
				CLANG_WARN_DOCUMENTATION_COMMENTS = YES;
				CLANG_WARN_EMPTY_BODY = YES;
				CLANG_WARN_ENUM_CONVERSION = YES;
				CLANG_WARN_INFINITE_RECURSION = YES;
				CLANG_WARN_INT_CONVERSION = YES;
				CLANG_WARN_NON_LITERAL_NULL_CONVERSION = YES;
				CLANG_WARN_OBJC_IMPLICIT_RETAIN_SELF = YES;
				CLANG_WARN_OBJC_LITERAL_CONVERSION = YES;
				CLANG_WARN_OBJC_ROOT_CLASS = YES_ERROR;
				CLANG_WARN_QUOTED_INCLUDE_IN_FRAMEWORK_HEADER = YES;
				CLANG_WARN_RANGE_LOOP_ANALYSIS = YES;
				CLANG_WARN_STRICT_PROTOTYPES = YES;
				CLANG_WARN_SUSPICIOUS_MOVE = YES;
				CLANG_WARN_UNGUARDED_AVAILABILITY = YES_AGGRESSIVE;
				CLANG_WARN_UNREACHABLE_CODE = YES;
				CLANG_WARN__DUPLICATE_METHOD_MATCH = YES;
				COPY_PHASE_STRIP = NO;
				DEBUG_INFORMATION_FORMAT = "dwarf-with-dsym";
				ENABLE_NS_ASSERTIONS = NO;
				ENABLE_STRICT_OBJC_MSGSEND = YES;
				ENABLE_USER_SCRIPT_SANDBOXING = YES;
				GCC_C_LANGUAGE_STANDARD = gnu17;
				GCC_NO_COMMON_BLOCKS = YES;
				GCC_WARN_64_TO_32_BIT_CONVERSION = YES;
				GCC_WARN_ABOUT_RETURN_TYPE = YES_ERROR;
				GCC_WARN_UNDECLARED_SELECTOR = YES;
				GCC_WARN_UNINITIALIZED_AUTOS = YES_AGGRESSIVE;
				GCC_WARN_UNUSED_FUNCTION = YES;
				GCC_WARN_UNUSED_VARIABLE = YES;
				LOCALIZATION_PREFERS_STRING_CATALOGS = YES;
				MACOSX_DEPLOYMENT_TARGET = 14.7;
				MTL_ENABLE_DEBUG_INFO = NO;
				MTL_FAST_MATH = YES;
				SDKROOT = macosx;
				SWIFT_COMPILATION_MODE = wholemodule;
			};
			name = Release;
		};
		17E07AD62D910330007CF845 /* Debug */ = {
			isa = XCBuildConfiguration;
			buildSettings = {
				ASSETCATALOG_COMPILER_APPICON_NAME = AppIcon;
				ASSETCATALOG_COMPILER_GLOBAL_ACCENT_COLOR_NAME = AccentColor;
				CODE_SIGN_ENTITLEMENTS = Controllier/Controllier.entitlements;
				CODE_SIGN_STYLE = Automatic;
				COMBINE_HIDPI_IMAGES = YES;
				CURRENT_PROJECT_VERSION = 1;
				DEVELOPMENT_ASSET_PATHS = "\"Controllier/Preview Content\"";
				DEVELOPMENT_TEAM = P63LP2LEL5;
				ENABLE_HARDENED_RUNTIME = YES;
				ENABLE_PREVIEWS = YES;
				GENERATE_INFOPLIST_FILE = YES;
				HEADER_SEARCH_PATHS = /opt/homebrew/Cellar/asio/1.30.2/include;
				INFOPLIST_KEY_NSHumanReadableCopyright = "";
				LD_RUNPATH_SEARCH_PATHS = (
					"$(inherited)",
					"@executable_path/../Frameworks",
				);
				MARKETING_VERSION = 1.0;
				OTHER_LDFLAGS = "-lc++";
				PRODUCT_BUNDLE_IDENTIFIER = com.jared.self.edu.Controllier;
				PRODUCT_NAME = "$(TARGET_NAME)";
				SWIFT_EMIT_LOC_STRINGS = YES;
				SWIFT_VERSION = 5.0;
				USER_HEADER_SEARCH_PATHS = /opt/homebrew/Cellar/asio/1.30.2/include;
			};
			name = Debug;
		};
		17E07AD72D910330007CF845 /* Release */ = {
			isa = XCBuildConfiguration;
			buildSettings = {
				ASSETCATALOG_COMPILER_APPICON_NAME = AppIcon;
				ASSETCATALOG_COMPILER_GLOBAL_ACCENT_COLOR_NAME = AccentColor;
				CODE_SIGN_ENTITLEMENTS = Controllier/Controllier.entitlements;
				CODE_SIGN_STYLE = Automatic;
				COMBINE_HIDPI_IMAGES = YES;
				CURRENT_PROJECT_VERSION = 1;
				DEVELOPMENT_ASSET_PATHS = "\"Controllier/Preview Content\"";
				DEVELOPMENT_TEAM = P63LP2LEL5;
				ENABLE_HARDENED_RUNTIME = YES;
				ENABLE_PREVIEWS = YES;
				GENERATE_INFOPLIST_FILE = YES;
				HEADER_SEARCH_PATHS = /opt/homebrew/Cellar/asio/1.30.2/include;
				INFOPLIST_KEY_NSHumanReadableCopyright = "";
				LD_RUNPATH_SEARCH_PATHS = (
					"$(inherited)",
					"@executable_path/../Frameworks",
				);
				MARKETING_VERSION = 1.0;
				OTHER_LDFLAGS = "-lc++";
				PRODUCT_BUNDLE_IDENTIFIER = com.jared.self.edu.Controllier;
				PRODUCT_NAME = "$(TARGET_NAME)";
				SWIFT_EMIT_LOC_STRINGS = YES;
				SWIFT_VERSION = 5.0;
				USER_HEADER_SEARCH_PATHS = /opt/homebrew/Cellar/asio/1.30.2/include;
			};
			name = Release;
		};
		17E07AD92D910330007CF845 /* Debug */ = {
			isa = XCBuildConfiguration;
			buildSettings = {
				BUNDLE_LOADER = "$(TEST_HOST)";
				CODE_SIGN_STYLE = Automatic;
				CURRENT_PROJECT_VERSION = 1;
				DEVELOPMENT_TEAM = P63LP2LEL5;
				GENERATE_INFOPLIST_FILE = YES;
				MACOSX_DEPLOYMENT_TARGET = 14.7;
				MARKETING_VERSION = 1.0;
				PRODUCT_BUNDLE_IDENTIFIER = com.jared.self.edu.ControllierTests;
				PRODUCT_NAME = "$(TARGET_NAME)";
				SWIFT_EMIT_LOC_STRINGS = NO;
				SWIFT_VERSION = 5.0;
				TEST_HOST = "$(BUILT_PRODUCTS_DIR)/Controllier.app/$(BUNDLE_EXECUTABLE_FOLDER_PATH)/Controllier";
			};
			name = Debug;
		};
		17E07ADA2D910330007CF845 /* Release */ = {
			isa = XCBuildConfiguration;
			buildSettings = {
				BUNDLE_LOADER = "$(TEST_HOST)";
				CODE_SIGN_STYLE = Automatic;
				CURRENT_PROJECT_VERSION = 1;
				DEVELOPMENT_TEAM = P63LP2LEL5;
				GENERATE_INFOPLIST_FILE = YES;
				MACOSX_DEPLOYMENT_TARGET = 14.7;
				MARKETING_VERSION = 1.0;
				PRODUCT_BUNDLE_IDENTIFIER = com.jared.self.edu.ControllierTests;
				PRODUCT_NAME = "$(TARGET_NAME)";
				SWIFT_EMIT_LOC_STRINGS = NO;
				SWIFT_VERSION = 5.0;
				TEST_HOST = "$(BUILT_PRODUCTS_DIR)/Controllier.app/$(BUNDLE_EXECUTABLE_FOLDER_PATH)/Controllier";
			};
			name = Release;
		};
		17E07ADC2D910330007CF845 /* Debug */ = {
			isa = XCBuildConfiguration;
			buildSettings = {
				CODE_SIGN_STYLE = Automatic;
				CURRENT_PROJECT_VERSION = 1;
				DEVELOPMENT_TEAM = P63LP2LEL5;
				GENERATE_INFOPLIST_FILE = YES;
				MARKETING_VERSION = 1.0;
				PRODUCT_BUNDLE_IDENTIFIER = com.jared.self.edu.ControllierUITests;
				PRODUCT_NAME = "$(TARGET_NAME)";
				SWIFT_EMIT_LOC_STRINGS = NO;
				SWIFT_VERSION = 5.0;
				TEST_TARGET_NAME = Controllier;
			};
			name = Debug;
		};
		17E07ADD2D910330007CF845 /* Release */ = {
			isa = XCBuildConfiguration;
			buildSettings = {
				CODE_SIGN_STYLE = Automatic;
				CURRENT_PROJECT_VERSION = 1;
				DEVELOPMENT_TEAM = P63LP2LEL5;
				GENERATE_INFOPLIST_FILE = YES;
				MARKETING_VERSION = 1.0;
				PRODUCT_BUNDLE_IDENTIFIER = com.jared.self.edu.ControllierUITests;
				PRODUCT_NAME = "$(TARGET_NAME)";
				SWIFT_EMIT_LOC_STRINGS = NO;
				SWIFT_VERSION = 5.0;
				TEST_TARGET_NAME = Controllier;
			};
			name = Release;
		};
/* End XCBuildConfiguration section */

/* Begin XCConfigurationList section */
		17E07AAB2D91032F007CF845 /* Build configuration list for PBXProject "Controllier" */ = {
			isa = XCConfigurationList;
			buildConfigurations = (
				17E07AD32D910330007CF845 /* Debug */,
				17E07AD42D910330007CF845 /* Release */,
			);
			defaultConfigurationIsVisible = 0;
			defaultConfigurationName = Release;
		};
		17E07AD52D910330007CF845 /* Build configuration list for PBXNativeTarget "Controllier" */ = {
			isa = XCConfigurationList;
			buildConfigurations = (
				17E07AD62D910330007CF845 /* Debug */,
				17E07AD72D910330007CF845 /* Release */,
			);
			defaultConfigurationIsVisible = 0;
			defaultConfigurationName = Release;
		};
		17E07AD82D910330007CF845 /* Build configuration list for PBXNativeTarget "ControllierTests" */ = {
			isa = XCConfigurationList;
			buildConfigurations = (
				17E07AD92D910330007CF845 /* Debug */,
				17E07ADA2D910330007CF845 /* Release */,
			);
			defaultConfigurationIsVisible = 0;
			defaultConfigurationName = Release;
		};
		17E07ADB2D910330007CF845 /* Build configuration list for PBXNativeTarget "ControllierUITests" */ = {
			isa = XCConfigurationList;
			buildConfigurations = (
				17E07ADC2D910330007CF845 /* Debug */,
				17E07ADD2D910330007CF845 /* Release */,
			);
			defaultConfigurationIsVisible = 0;
			defaultConfigurationName = Release;
		};
/* End XCConfigurationList section */

/* Begin XCRemoteSwiftPackageReference section */
		17EB8B3D2D91050D00E7B4FB /* XCRemoteSwiftPackageReference "MIDIKit" */ = {
			isa = XCRemoteSwiftPackageReference;
			repositoryURL = "https://github.com/orchetect/MIDIKit";
			requirement = {
				kind = upToNextMajorVersion;
				minimumVersion = 0.10.1;
			};
		};
		17EB8B4C2D91052800E7B4FB /* XCRemoteSwiftPackageReference "OSCKit" */ = {
			isa = XCRemoteSwiftPackageReference;
			repositoryURL = "https://github.com/orchetect/OSCKit";
			requirement = {
				kind = upToNextMajorVersion;
				minimumVersion = 1.2.0;
			};
		};
		17EB8B512D91058000E7B4FB /* XCRemoteSwiftPackageReference "AudioKit" */ = {
			isa = XCRemoteSwiftPackageReference;
			repositoryURL = "https://github.com/AudioKit/AudioKit.git";
			requirement = {
				kind = upToNextMajorVersion;
				minimumVersion = 5.6.5;
			};
		};
		17EB8B542D9105C100E7B4FB /* XCRemoteSwiftPackageReference "AudioKitUI" */ = {
			isa = XCRemoteSwiftPackageReference;
			repositoryURL = "https://github.com/AudioKit/AudioKitUI.git";
			requirement = {
				kind = upToNextMajorVersion;
				minimumVersion = 0.3.7;
			};
		};
		17EB8B572D9105D200E7B4FB /* XCRemoteSwiftPackageReference "Controls" */ = {
			isa = XCRemoteSwiftPackageReference;
			repositoryURL = "https://github.com/AudioKit/Controls.git";
			requirement = {
				kind = upToNextMajorVersion;
				minimumVersion = 1.1.4;
			};
		};
		17EB8B5A2D91063100E7B4FB /* XCRemoteSwiftPackageReference "AudioKitEX" */ = {
			isa = XCRemoteSwiftPackageReference;
			repositoryURL = "https://github.com/AudioKit/AudioKitEX.git";
			requirement = {
				kind = upToNextMajorVersion;
				minimumVersion = 5.6.1;
			};
		};
		17EB8B622D91088000E7B4FB /* XCRemoteSwiftPackageReference "swift-link" */ = {
			isa = XCRemoteSwiftPackageReference;
			repositoryURL = "https://github.com/fwcd/swift-link";
			requirement = {
				branch = main;
				kind = branch;
			};
		};
/* End XCRemoteSwiftPackageReference section */

/* Begin XCSwiftPackageProductDependency section */
		17EB8B3E2D91050D00E7B4FB /* MIDIKit */ = {
			isa = XCSwiftPackageProductDependency;
			package = 17EB8B3D2D91050D00E7B4FB /* XCRemoteSwiftPackageReference "MIDIKit" */;
			productName = MIDIKit;
		};
		17EB8B402D91050D00E7B4FB /* MIDIKitControlSurfaces */ = {
			isa = XCSwiftPackageProductDependency;
			package = 17EB8B3D2D91050D00E7B4FB /* XCRemoteSwiftPackageReference "MIDIKit" */;
			productName = MIDIKitControlSurfaces;
		};
		17EB8B422D91050D00E7B4FB /* MIDIKitCore */ = {
			isa = XCSwiftPackageProductDependency;
			package = 17EB8B3D2D91050D00E7B4FB /* XCRemoteSwiftPackageReference "MIDIKit" */;
			productName = MIDIKitCore;
		};
		17EB8B442D91050D00E7B4FB /* MIDIKitIO */ = {
			isa = XCSwiftPackageProductDependency;
			package = 17EB8B3D2D91050D00E7B4FB /* XCRemoteSwiftPackageReference "MIDIKit" */;
			productName = MIDIKitIO;
		};
		17EB8B462D91050D00E7B4FB /* MIDIKitSMF */ = {
			isa = XCSwiftPackageProductDependency;
			package = 17EB8B3D2D91050D00E7B4FB /* XCRemoteSwiftPackageReference "MIDIKit" */;
			productName = MIDIKitSMF;
		};
		17EB8B482D91050D00E7B4FB /* MIDIKitSync */ = {
			isa = XCSwiftPackageProductDependency;
			package = 17EB8B3D2D91050D00E7B4FB /* XCRemoteSwiftPackageReference "MIDIKit" */;
			productName = MIDIKitSync;
		};
		17EB8B4A2D91050D00E7B4FB /* MIDIKitUI */ = {
			isa = XCSwiftPackageProductDependency;
			package = 17EB8B3D2D91050D00E7B4FB /* XCRemoteSwiftPackageReference "MIDIKit" */;
			productName = MIDIKitUI;
		};
		17EB8B4D2D91052800E7B4FB /* OSCKit */ = {
			isa = XCSwiftPackageProductDependency;
			package = 17EB8B4C2D91052800E7B4FB /* XCRemoteSwiftPackageReference "OSCKit" */;
			productName = OSCKit;
		};
		17EB8B4F2D91052800E7B4FB /* OSCKitCore */ = {
			isa = XCSwiftPackageProductDependency;
			package = 17EB8B4C2D91052800E7B4FB /* XCRemoteSwiftPackageReference "OSCKit" */;
			productName = OSCKitCore;
		};
		17EB8B522D91058000E7B4FB /* AudioKit */ = {
			isa = XCSwiftPackageProductDependency;
			package = 17EB8B512D91058000E7B4FB /* XCRemoteSwiftPackageReference "AudioKit" */;
			productName = AudioKit;
		};
		17EB8B552D9105C100E7B4FB /* AudioKitUI */ = {
			isa = XCSwiftPackageProductDependency;
			package = 17EB8B542D9105C100E7B4FB /* XCRemoteSwiftPackageReference "AudioKitUI" */;
			productName = AudioKitUI;
		};
		17EB8B582D9105D200E7B4FB /* Controls */ = {
			isa = XCSwiftPackageProductDependency;
			package = 17EB8B572D9105D200E7B4FB /* XCRemoteSwiftPackageReference "Controls" */;
			productName = Controls;
		};
		17EB8B5B2D91063100E7B4FB /* AudioKitEX */ = {
			isa = XCSwiftPackageProductDependency;
			package = 17EB8B5A2D91063100E7B4FB /* XCRemoteSwiftPackageReference "AudioKitEX" */;
			productName = AudioKitEX;
		};
		17EB8B632D91088000E7B4FB /* Link */ = {
			isa = XCSwiftPackageProductDependency;
			package = 17EB8B622D91088000E7B4FB /* XCRemoteSwiftPackageReference "swift-link" */;
			productName = Link;
		};
/* End XCSwiftPackageProductDependency section */
	};
	rootObject = 17E07AA82D91032F007CF845 /* Project object */;
}
