{
  "originHash" : "3d3a0907fb79bf42256028be71fcdeba075453ea9fe9446666ae369e31a5223e",
  "pins" : [
    {
      "identity" : "audiokit",
      "kind" : "remoteSourceControl",
      "location" : "https://github.com/AudioKit/AudioKit.git",
      "state" : {
        "revision" : "5b3fd238ef8ee95c9842ca4ea83ca58ee151e630",
        "version" : "5.6.5"
      }
    },
    {
      "identity" : "audiokitex",
      "kind" : "remoteSourceControl",
      "location" : "https://github.com/AudioKit/AudioKitEX.git",
      "state" : {
        "revision" : "cb1a1276978ffc08e00d4774c0617aa8a58a17c4",
        "version" : "5.6.1"
      }
    },
    {
      "identity" : "audiokitui",
      "kind" : "remoteSourceControl",
      "location" : "https://github.com/AudioKit/AudioKitUI.git",
      "state" : {
        "revision" : "1a61e8a96c7ee24c3e5abe06dc3334a31fd7571d",
        "version" : "0.3.7"
      }
    },
    {
      "identity" : "cocoaasyncsocket",
      "kind" : "remoteSourceControl",
      "location" : "https://github.com/robbiehanson/CocoaAsyncSocket",
      "state" : {
        "revision" : "dbdc00669c1ced63b27c3c5f052ee4d28f10150c",
        "version" : "7.6.5"
      }
    },
    {
      "identity" : "controls",
      "kind" : "remoteSourceControl",
      "location" : "https://github.com/AudioKit/Controls.git",
      "state" : {
        "revision" : "4dd10370125af7f1e26d7a71b2c5929bb3c95087",
        "version" : "1.1.4"
      }
    },
    {
      "identity" : "midikit",
      "kind" : "remoteSourceControl",
      "location" : "https://github.com/orchetect/MIDIKit",
      "state" : {
        "revision" : "6902607ec98a4b8b54cac6d2a4d89fd860284819",
        "version" : "0.10.1"
      }
    },
    {
      "identity" : "osckit",
      "kind" : "remoteSourceControl",
      "location" : "https://github.com/orchetect/OSCKit",
      "state" : {
        "revision" : "ddc8f84e39ced2b2aa3966be38c287b5b6610784",
        "version" : "1.2.0"
      }
    },
    {
      "identity" : "swift-link",
      "kind" : "remoteSourceControl",
      "location" : "https://github.com/fwcd/swift-link",
      "state" : {
        "branch" : "main",
        "revision" : "c4cf3dc352c83ab32141cc75c8842e6dd2be1390"
      }
    },
    {
      "identity" : "swiftascii",
      "kind" : "remoteSourceControl",
      "location" : "https://github.com/orchetect/SwiftASCII",
      "state" : {
        "revision" : "9708885ab4c3e6015f5b7b3d546afedd5afc320f",
        "version" : "1.1.5"
      }
    },
    {
      "identity" : "timecodekit",
      "kind" : "remoteSourceControl",
      "location" : "https://github.com/orchetect/TimecodeKit",
      "state" : {
        "revision" : "1014b5723a7eaa93eeb2ea2f52dfd9ea6eb6be0d",
        "version" : "2.3.3"
      }
    }
  ],
  "version" : 3
}
